// !$*UTF8*$!
{
	archiveVersion = 1;
	classes = {
	};
	objectVersion = 46;
	objects = {

/* Begin PBXBuildFile section */
		AE5021511A5DED4900BBD8FC /* AppDelegate.swift in Sources */ = {isa = PBXBuildFile; fileRef = AE5021501A5DED4900BBD8FC /* AppDelegate.swift */; };
		AE5021531A5DED4900BBD8FC /* ViewController.swift in Sources */ = {isa = PBXBuildFile; fileRef = AE5021521A5DED4900BBD8FC /* ViewController.swift */; };
		AE5021561A5DED4900BBD8FC /* Main.storyboard in Resources */ = {isa = PBXBuildFile; fileRef = AE5021541A5DED4900BBD8FC /* Main.storyboard */; };
		AE5021581A5DED4900BBD8FC /* Images.xcassets in Resources */ = {isa = PBXBuildFile; fileRef = AE5021571A5DED4900BBD8FC /* Images.xcassets */; };
		AE50215B1A5DED4900BBD8FC /* LaunchScreen.xib in Resources */ = {isa = PBXBuildFile; fileRef = AE5021591A5DED4900BBD8FC /* LaunchScreen.xib */; };
		AE5021671A5DED4900BBD8FC /* ExampleTests.swift in Sources */ = {isa = PBXBuildFile; fileRef = AE5021661A5DED4900BBD8FC /* ExampleTests.swift */; };
/* End PBXBuildFile section */

/* Begin PBXContainerItemProxy section */
		AE5021611A5DED4900BBD8FC /* PBXContainerItemProxy */ = {
			isa = PBXContainerItemProxy;
			containerPortal = AE5021431A5DED4900BBD8FC /* Project object */;
			proxyType = 1;
			remoteGlobalIDString = AE50214A1A5DED4900BBD8FC;
			remoteInfo = SwiftFakes;
		};
/* End PBXContainerItemProxy section */

/* Begin PBXFileReference section */
		AE50214B1A5DED4900BBD8FC /* SwiftFakes.app */ = {isa = PBXFileReference; explicitFileType = wrapper.application; includeInIndex = 0; path = SwiftFakes.app; sourceTree = BUILT_PRODUCTS_DIR; };
		AE50214F1A5DED4900BBD8FC /* Info.plist */ = {isa = PBXFileReference; lastKnownFileType = text.plist.xml; path = Info.plist; sourceTree = "<group>"; };
		AE5021501A5DED4900BBD8FC /* AppDelegate.swift */ = {isa = PBXFileReference; lastKnownFileType = sourcecode.swift; path = AppDelegate.swift; sourceTree = "<group>"; };
		AE5021521A5DED4900BBD8FC /* ViewController.swift */ = {isa = PBXFileReference; lastKnownFileType = sourcecode.swift; path = ViewController.swift; sourceTree = "<group>"; };
		AE5021551A5DED4900BBD8FC /* Base */ = {isa = PBXFileReference; lastKnownFileType = file.storyboard; name = Base; path = Base.lproj/Main.storyboard; sourceTree = "<group>"; };
		AE5021571A5DED4900BBD8FC /* Images.xcassets */ = {isa = PBXFileReference; lastKnownFileType = folder.assetcatalog; path = Images.xcassets; sourceTree = "<group>"; };
		AE50215A1A5DED4900BBD8FC /* Base */ = {isa = PBXFileReference; lastKnownFileType = file.xib; name = Base; path = Base.lproj/LaunchScreen.xib; sourceTree = "<group>"; };
		AE5021601A5DED4900BBD8FC /* SwiftFakesTests.xctest */ = {isa = PBXFileReference; explicitFileType = wrapper.cfbundle; includeInIndex = 0; path = SwiftFakesTests.xctest; sourceTree = BUILT_PRODUCTS_DIR; };
		AE5021651A5DED4900BBD8FC /* Info.plist */ = {isa = PBXFileReference; lastKnownFileType = text.plist.xml; path = Info.plist; sourceTree = "<group>"; };
		AE5021661A5DED4900BBD8FC /* ExampleTests.swift */ = {isa = PBXFileReference; lastKnownFileType = sourcecode.swift; path = ExampleTests.swift; sourceTree = "<group>"; };
/* End PBXFileReference section */

/* Begin PBXFrameworksBuildPhase section */
		AE5021481A5DED4900BBD8FC /* Frameworks */ = {
			isa = PBXFrameworksBuildPhase;
			buildActionMask = 2147483647;
			files = (
			);
			runOnlyForDeploymentPostprocessing = 0;
		};
		AE50215D1A5DED4900BBD8FC /* Frameworks */ = {
			isa = PBXFrameworksBuildPhase;
			buildActionMask = 2147483647;
			files = (
			);
			runOnlyForDeploymentPostprocessing = 0;
		};
/* End PBXFrameworksBuildPhase section */

/* Begin PBXGroup section */
		AE5021421A5DED4900BBD8FC = {
			isa = PBXGroup;
			children = (
				AE50214D1A5DED4900BBD8FC /* SwiftFakes */,
				AE5021631A5DED4900BBD8FC /* SwiftFakesTests */,
				AE50214C1A5DED4900BBD8FC /* Products */,
			);
			sourceTree = "<group>";
		};
		AE50214C1A5DED4900BBD8FC /* Products */ = {
			isa = PBXGroup;
			children = (
				AE50214B1A5DED4900BBD8FC /* SwiftFakes.app */,
				AE5021601A5DED4900BBD8FC /* SwiftFakesTests.xctest */,
			);
			name = Products;
			sourceTree = "<group>";
		};
		AE50214D1A5DED4900BBD8FC /* SwiftFakes */ = {
			isa = PBXGroup;
			children = (
				AE5021501A5DED4900BBD8FC /* AppDelegate.swift */,
				AE5021521A5DED4900BBD8FC /* ViewController.swift */,
				AE5021541A5DED4900BBD8FC /* Main.storyboard */,
				AE5021571A5DED4900BBD8FC /* Images.xcassets */,
				AE5021591A5DED4900BBD8FC /* LaunchScreen.xib */,
				AE50214E1A5DED4900BBD8FC /* Supporting Files */,
			);
			path = SwiftFakes;
			sourceTree = "<group>";
		};
		AE50214E1A5DED4900BBD8FC /* Supporting Files */ = {
			isa = PBXGroup;
			children = (
				AE50214F1A5DED4900BBD8FC /* Info.plist */,
			);
			name = "Supporting Files";
			sourceTree = "<group>";
		};
		AE5021631A5DED4900BBD8FC /* SwiftFakesTests */ = {
			isa = PBXGroup;
			children = (
				AE5021661A5DED4900BBD8FC /* ExampleTests.swift */,
				AE5021641A5DED4900BBD8FC /* Supporting Files */,
			);
			path = SwiftFakesTests;
			sourceTree = "<group>";
		};
		AE5021641A5DED4900BBD8FC /* Supporting Files */ = {
			isa = PBXGroup;
			children = (
				AE5021651A5DED4900BBD8FC /* Info.plist */,
			);
			name = "Supporting Files";
			sourceTree = "<group>";
		};
/* End PBXGroup section */

/* Begin PBXNativeTarget section */
		AE50214A1A5DED4900BBD8FC /* SwiftFakes */ = {
			isa = PBXNativeTarget;
			buildConfigurationList = AE50216A1A5DED4900BBD8FC /* Build configuration list for PBXNativeTarget "SwiftFakes" */;
			buildPhases = (
				AE5021471A5DED4900BBD8FC /* Sources */,
				AE5021481A5DED4900BBD8FC /* Frameworks */,
				AE5021491A5DED4900BBD8FC /* Resources */,
			);
			buildRules = (
			);
			dependencies = (
			);
			name = SwiftFakes;
			productName = SwiftFakes;
			productReference = AE50214B1A5DED4900BBD8FC /* SwiftFakes.app */;
			productType = "com.apple.product-type.application";
		};
		AE50215F1A5DED4900BBD8FC /* SwiftFakesTests */ = {
			isa = PBXNativeTarget;
			buildConfigurationList = AE50216D1A5DED4900BBD8FC /* Build configuration list for PBXNativeTarget "SwiftFakesTests" */;
			buildPhases = (
				AE50215C1A5DED4900BBD8FC /* Sources */,
				AE50215D1A5DED4900BBD8FC /* Frameworks */,
				AE50215E1A5DED4900BBD8FC /* Resources */,
			);
			buildRules = (
			);
			dependencies = (
				AE5021621A5DED4900BBD8FC /* PBXTargetDependency */,
			);
			name = SwiftFakesTests;
			productName = SwiftFakesTests;
			productReference = AE5021601A5DED4900BBD8FC /* SwiftFakesTests.xctest */;
			productType = "com.apple.product-type.bundle.unit-test";
		};
/* End PBXNativeTarget section */

/* Begin PBXProject section */
		AE5021431A5DED4900BBD8FC /* Project object */ = {
			isa = PBXProject;
			attributes = {
				LastUpgradeCheck = 0610;
				ORGANIZATIONNAME = mitochondrion;
				TargetAttributes = {
					AE50214A1A5DED4900BBD8FC = {
						CreatedOnToolsVersion = 6.1.1;
					};
					AE50215F1A5DED4900BBD8FC = {
						CreatedOnToolsVersion = 6.1.1;
						TestTargetID = AE50214A1A5DED4900BBD8FC;
					};
				};
			};
			buildConfigurationList = AE5021461A5DED4900BBD8FC /* Build configuration list for PBXProject "SwiftFakes" */;
			compatibilityVersion = "Xcode 3.2";
			developmentRegion = English;
			hasScannedForEncodings = 0;
			knownRegions = (
				en,
				Base,
			);
			mainGroup = AE5021421A5DED4900BBD8FC;
			productRefGroup = AE50214C1A5DED4900BBD8FC /* Products */;
			projectDirPath = "";
			projectRoot = "";
			targets = (
				AE50214A1A5DED4900BBD8FC /* SwiftFakes */,
				AE50215F1A5DED4900BBD8FC /* SwiftFakesTests */,
			);
		};
/* End PBXProject section */

/* Begin PBXResourcesBuildPhase section */
		AE5021491A5DED4900BBD8FC /* Resources */ = {
			isa = PBXResourcesBuildPhase;
			buildActionMask = 2147483647;
			files = (
				AE5021561A5DED4900BBD8FC /* Main.storyboard in Resources */,
				AE50215B1A5DED4900BBD8FC /* LaunchScreen.xib in Resources */,
				AE5021581A5DED4900BBD8FC /* Images.xcassets in Resources */,
			);
			runOnlyForDeploymentPostprocessing = 0;
		};
		AE50215E1A5DED4900BBD8FC /* Resources */ = {
			isa = PBXResourcesBuildPhase;
			buildActionMask = 2147483647;
			files = (
			);
			runOnlyForDeploymentPostprocessing = 0;
		};
/* End PBXResourcesBuildPhase section */

/* Begin PBXSourcesBuildPhase section */
		AE5021471A5DED4900BBD8FC /* Sources */ = {
			isa = PBXSourcesBuildPhase;
			buildActionMask = 2147483647;
			files = (
				AE5021531A5DED4900BBD8FC /* ViewController.swift in Sources */,
				AE5021511A5DED4900BBD8FC /* AppDelegate.swift in Sources */,
			);
			runOnlyForDeploymentPostprocessing = 0;
		};
		AE50215C1A5DED4900BBD8FC /* Sources */ = {
			isa = PBXSourcesBuildPhase;
			buildActionMask = 2147483647;
			files = (
				AE5021671A5DED4900BBD8FC /* ExampleTests.swift in Sources */,
			);
			runOnlyForDeploymentPostprocessing = 0;
		};
/* End PBXSourcesBuildPhase section */

/* Begin PBXTargetDependency section */
		AE5021621A5DED4900BBD8FC /* PBXTargetDependency */ = {
			isa = PBXTargetDependency;
			target = AE50214A1A5DED4900BBD8FC /* SwiftFakes */;
			targetProxy = AE5021611A5DED4900BBD8FC /* PBXContainerItemProxy */;
		};
/* End PBXTargetDependency section */

/* Begin PBXVariantGroup section */
		AE5021541A5DED4900BBD8FC /* Main.storyboard */ = {
			isa = PBXVariantGroup;
			children = (
				AE5021551A5DED4900BBD8FC /* Base */,
			);
			name = Main.storyboard;
			sourceTree = "<group>";
		};
		AE5021591A5DED4900BBD8FC /* LaunchScreen.xib */ = {
			isa = PBXVariantGroup;
			children = (
				AE50215A1A5DED4900BBD8FC /* Base */,
			);
			name = LaunchScreen.xib;
			sourceTree = "<group>";
		};
/* End PBXVariantGroup section */

/* Begin XCBuildConfiguration section */
		AE5021681A5DED4900BBD8FC /* Debug */ = {
			isa = XCBuildConfiguration;
			buildSettings = {
				ALWAYS_SEARCH_USER_PATHS = NO;
				CLANG_CXX_LANGUAGE_STANDARD = "gnu++0x";
				CLANG_CXX_LIBRARY = "libc++";
				CLANG_ENABLE_MODULES = YES;
				CLANG_ENABLE_OBJC_ARC = YES;
				CLANG_WARN_BOOL_CONVERSION = YES;
				CLANG_WARN_CONSTANT_CONVERSION = YES;
				CLANG_WARN_DIRECT_OBJC_ISA_USAGE = YES_ERROR;
				CLANG_WARN_EMPTY_BODY = YES;
				CLANG_WARN_ENUM_CONVERSION = YES;
				CLANG_WARN_INT_CONVERSION = YES;
				CLANG_WARN_OBJC_ROOT_CLASS = YES_ERROR;
				CLANG_WARN_UNREACHABLE_CODE = YES;
				CLANG_WARN__DUPLICATE_METHOD_MATCH = YES;
				"CODE_SIGN_IDENTITY[sdk=iphoneos*]" = "iPhone Developer";
				COPY_PHASE_STRIP = NO;
				ENABLE_STRICT_OBJC_MSGSEND = YES;
				GCC_C_LANGUAGE_STANDARD = gnu99;
				GCC_DYNAMIC_NO_PIC = NO;
				GCC_OPTIMIZATION_LEVEL = 0;
				GCC_PREPROCESSOR_DEFINITIONS = (
					"DEBUG=1",
					"$(inherited)",
				);
				GCC_SYMBOLS_PRIVATE_EXTERN = NO;
				GCC_WARN_64_TO_32_BIT_CONVERSION = YES;
				GCC_WARN_ABOUT_RETURN_TYPE = YES_ERROR;
				GCC_WARN_UNDECLARED_SELECTOR = YES;
				GCC_WARN_UNINITIALIZED_AUTOS = YES_AGGRESSIVE;
				GCC_WARN_UNUSED_FUNCTION = YES;
				GCC_WARN_UNUSED_VARIABLE = YES;
				IPHONEOS_DEPLOYMENT_TARGET = 8.1;
				MTL_ENABLE_DEBUG_INFO = YES;
				ONLY_ACTIVE_ARCH = YES;
				SDKROOT = iphoneos;
				SWIFT_OPTIMIZATION_LEVEL = "-Onone";
				TARGETED_DEVICE_FAMILY = "1,2";
			};
			name = Debug;
		};
		AE5021691A5DED4900BBD8FC /* Release */ = {
			isa = XCBuildConfiguration;
			buildSettings = {
				ALWAYS_SEARCH_USER_PATHS = NO;
				CLANG_CXX_LANGUAGE_STANDARD = "gnu++0x";
				CLANG_CXX_LIBRARY = "libc++";
				CLANG_ENABLE_MODULES = YES;
				CLANG_ENABLE_OBJC_ARC = YES;
				CLANG_WARN_BOOL_CONVERSION = YES;
				CLANG_WARN_CONSTANT_CONVERSION = YES;
				CLANG_WARN_DIRECT_OBJC_ISA_USAGE = YES_ERROR;
				CLANG_WARN_EMPTY_BODY = YES;
				CLANG_WARN_ENUM_CONVERSION = YES;
				CLANG_WARN_INT_CONVERSION = YES;
				CLANG_WARN_OBJC_ROOT_CLASS = YES_ERROR;
				CLANG_WARN_UNREACHABLE_CODE = YES;
				CLANG_WARN__DUPLICATE_METHOD_MATCH = YES;
				"CODE_SIGN_IDENTITY[sdk=iphoneos*]" = "iPhone Developer";
				COPY_PHASE_STRIP = YES;
				ENABLE_NS_ASSERTIONS = NO;
				ENABLE_STRICT_OBJC_MSGSEND = YES;
				GCC_C_LANGUAGE_STANDARD = gnu99;
				GCC_WARN_64_TO_32_BIT_CONVERSION = YES;
				GCC_WARN_ABOUT_RETURN_TYPE = YES_ERROR;
				GCC_WARN_UNDECLARED_SELECTOR = YES;
				GCC_WARN_UNINITIALIZED_AUTOS = YES_AGGRESSIVE;
				GCC_WARN_UNUSED_FUNCTION = YES;
				GCC_WARN_UNUSED_VARIABLE = YES;
				IPHONEOS_DEPLOYMENT_TARGET = 8.1;
				MTL_ENABLE_DEBUG_INFO = NO;
				SDKROOT = iphoneos;
				TARGETED_DEVICE_FAMILY = "1,2";
				VALIDATE_PRODUCT = YES;
			};
			name = Release;
		};
		AE50216B1A5DED4900BBD8FC /* Debug */ = {
			isa = XCBuildConfiguration;
			buildSettings = {
				ASSETCATALOG_COMPILER_APPICON_NAME = AppIcon;
				INFOPLIST_FILE = SwiftFakes/Info.plist;
				LD_RUNPATH_SEARCH_PATHS = "$(inherited) @executable_path/Frameworks";
				PRODUCT_NAME = "$(TARGET_NAME)";
			};
			name = Debug;
		};
		AE50216C1A5DED4900BBD8FC /* Release */ = {
			isa = XCBuildConfiguration;
			buildSettings = {
				ASSETCATALOG_COMPILER_APPICON_NAME = AppIcon;
				INFOPLIST_FILE = SwiftFakes/Info.plist;
				LD_RUNPATH_SEARCH_PATHS = "$(inherited) @executable_path/Frameworks";
				PRODUCT_NAME = "$(TARGET_NAME)";
			};
			name = Release;
		};
		AE50216E1A5DED4900BBD8FC /* Debug */ = {
			isa = XCBuildConfiguration;
			buildSettings = {
				BUNDLE_LOADER = "$(TEST_HOST)";
				FRAMEWORK_SEARCH_PATHS = (
					"$(SDKROOT)/Developer/Library/Frameworks",
					"$(inherited)",
				);
				GCC_PREPROCESSOR_DEFINITIONS = (
					"DEBUG=1",
					"$(inherited)",
				);
				INFOPLIST_FILE = SwiftFakesTests/Info.plist;
				LD_RUNPATH_SEARCH_PATHS = "$(inherited) @executable_path/Frameworks @loader_path/Frameworks";
				PRODUCT_NAME = "$(TARGET_NAME)";
				TEST_HOST = "$(BUILT_PRODUCTS_DIR)/SwiftFakes.app/SwiftFakes";
			};
			name = Debug;
		};
		AE50216F1A5DED4900BBD8FC /* Release */ = {
			isa = XCBuildConfiguration;
			buildSettings = {
				BUNDLE_LOADER = "$(TEST_HOST)";
				FRAMEWORK_SEARCH_PATHS = (
					"$(SDKROOT)/Developer/Library/Frameworks",
					"$(inherited)",
				);
				INFOPLIST_FILE = SwiftFakesTests/Info.plist;
				LD_RUNPATH_SEARCH_PATHS = "$(inherited) @executable_path/Frameworks @loader_path/Frameworks";
				PRODUCT_NAME = "$(TARGET_NAME)";
				TEST_HOST = "$(BUILT_PRODUCTS_DIR)/SwiftFakes.app/SwiftFakes";
			};
			name = Release;
		};
/* End XCBuildConfiguration section */

/* Begin XCConfigurationList section */
		AE5021461A5DED4900BBD8FC /* Build configuration list for PBXProject "SwiftFakes" */ = {
			isa = XCConfigurationList;
			buildConfigurations = (
				AE5021681A5DED4900BBD8FC /* Debug */,
				AE5021691A5DED4900BBD8FC /* Release */,
			);
			defaultConfigurationIsVisible = 0;
			defaultConfigurationName = Release;
		};
		AE50216A1A5DED4900BBD8FC /* Build configuration list for PBXNativeTarget "SwiftFakes" */ = {
			isa = XCConfigurationList;
			buildConfigurations = (
				AE50216B1A5DED4900BBD8FC /* Debug */,
				AE50216C1A5DED4900BBD8FC /* Release */,
			);
			defaultConfigurationIsVisible = 0;
		};
		AE50216D1A5DED4900BBD8FC /* Build configuration list for PBXNativeTarget "SwiftFakesTests" */ = {
			isa = XCConfigurationList;
			buildConfigurations = (
				AE50216E1A5DED4900BBD8FC /* Debug */,
				AE50216F1A5DED4900BBD8FC /* Release */,
			);
			defaultConfigurationIsVisible = 0;
		};
/* End XCConfigurationList section */
	};
	rootObject = AE5021431A5DED4900BBD8FC /* Project object */;
}
